// !$*UTF8*$!
{
	archiveVersion = 1;
	classes = {
	};
	objectVersion = 50;
	objects = {

/* Begin PBXBuildFile section */
		DEC8ACF42682027000BC68EA /* AppDelegate.swift in Sources */ = {isa = PBXBuildFile; fileRef = DEC8ACF32682027000BC68EA /* AppDelegate.swift */; };
		DEC8ACF62682027000BC68EA /* SceneDelegate.swift in Sources */ = {isa = PBXBuildFile; fileRef = DEC8ACF52682027000BC68EA /* SceneDelegate.swift */; };
		DEC8ACF82682027000BC68EA /* ViewController.swift in Sources */ = {isa = PBXBuildFile; fileRef = DEC8ACF72682027000BC68EA /* ViewController.swift */; };
		DEC8ACFB2682027000BC68EA /* Main.storyboard in Resources */ = {isa = PBXBuildFile; fileRef = DEC8ACF92682027000BC68EA /* Main.storyboard */; };
		DEC8ACFD2682027100BC68EA /* Assets.xcassets in Resources */ = {isa = PBXBuildFile; fileRef = DEC8ACFC2682027100BC68EA /* Assets.xcassets */; };
		DEC8AD002682027100BC68EA /* LaunchScreen.storyboard in Resources */ = {isa = PBXBuildFile; fileRef = DEC8ACFE2682027100BC68EA /* LaunchScreen.storyboard */; };
/* End PBXBuildFile section */

/* Begin PBXFileReference section */
		DEC8ACF02682027000BC68EA /* Sayı Tahmin Oyunu.app */ = {isa = PBXFileReference; explicitFileType = wrapper.application; includeInIndex = 0; path = "Sayı Tahmin Oyunu.app"; sourceTree = BUILT_PRODUCTS_DIR; };
		DEC8ACF32682027000BC68EA /* AppDelegate.swift */ = {isa = PBXFileReference; lastKnownFileType = sourcecode.swift; path = AppDelegate.swift; sourceTree = "<group>"; };
		DEC8ACF52682027000BC68EA /* SceneDelegate.swift */ = {isa = PBXFileReference; lastKnownFileType = sourcecode.swift; path = SceneDelegate.swift; sourceTree = "<group>"; };
		DEC8ACF72682027000BC68EA /* ViewController.swift */ = {isa = PBXFileReference; lastKnownFileType = sourcecode.swift; path = ViewController.swift; sourceTree = "<group>"; };
		DEC8ACFA2682027000BC68EA /* Base */ = {isa = PBXFileReference; lastKnownFileType = file.storyboard; name = Base; path = Base.lproj/Main.storyboard; sourceTree = "<group>"; };
		DEC8ACFC2682027100BC68EA /* Assets.xcassets */ = {isa = PBXFileReference; lastKnownFileType = folder.assetcatalog; path = Assets.xcassets; sourceTree = "<group>"; };
		DEC8ACFF2682027100BC68EA /* Base */ = {isa = PBXFileReference; lastKnownFileType = file.storyboard; name = Base; path = Base.lproj/LaunchScreen.storyboard; sourceTree = "<group>"; };
		DEC8AD012682027100BC68EA /* Info.plist */ = {isa = PBXFileReference; lastKnownFileType = text.plist.xml; path = Info.plist; sourceTree = "<group>"; };
/* End PBXFileReference section */

/* Begin PBXFrameworksBuildPhase section */
		DEC8ACED2682027000BC68EA /* Frameworks */ = {
			isa = PBXFrameworksBuildPhase;
			buildActionMask = 2147483647;
			files = (
			);
			runOnlyForDeploymentPostprocessing = 0;
		};
/* End PBXFrameworksBuildPhase section */

/* Begin PBXGroup section */
		DEC8ACE72682027000BC68EA = {
			isa = PBXGroup;
			children = (
				DEC8ACF22682027000BC68EA /* Sayı Tahmin Oyunu */,
				DEC8ACF12682027000BC68EA /* Products */,
			);
			sourceTree = "<group>";
		};
		DEC8ACF12682027000BC68EA /* Products */ = {
			isa = PBXGroup;
			children = (
				DEC8ACF02682027000BC68EA /* Sayı Tahmin Oyunu.app */,
			);
			name = Products;
			sourceTree = "<group>";
		};
		DEC8ACF22682027000BC68EA /* Sayı Tahmin Oyunu */ = {
			isa = PBXGroup;
			children = (
				DEC8ACF32682027000BC68EA /* AppDelegate.swift */,
				DEC8ACF52682027000BC68EA /* SceneDelegate.swift */,
				DEC8ACF72682027000BC68EA /* ViewController.swift */,
				DEC8ACF92682027000BC68EA /* Main.storyboard */,
				DEC8ACFC2682027100BC68EA /* Assets.xcassets */,
				DEC8ACFE2682027100BC68EA /* LaunchScreen.storyboard */,
				DEC8AD012682027100BC68EA /* Info.plist */,
			);
			path = "Sayı Tahmin Oyunu";
			sourceTree = "<group>";
		};
/* End PBXGroup section */

/* Begin PBXNativeTarget section */
		DEC8ACEF2682027000BC68EA /* Sayı Tahmin Oyunu */ = {
			isa = PBXNativeTarget;
			buildConfigurationList = DEC8AD042682027100BC68EA /* Build configuration list for PBXNativeTarget "Sayı Tahmin Oyunu" */;
			buildPhases = (
				DEC8ACEC2682027000BC68EA /* Sources */,
				DEC8ACED2682027000BC68EA /* Frameworks */,
				DEC8ACEE2682027000BC68EA /* Resources */,
			);
			buildRules = (
			);
			dependencies = (
			);
			name = "Sayı Tahmin Oyunu";
			productName = "Sayı Tahmin Oyunu";
			productReference = DEC8ACF02682027000BC68EA /* Sayı Tahmin Oyunu.app */;
			productType = "com.apple.product-type.application";
		};
/* End PBXNativeTarget section */

/* Begin PBXProject section */
		DEC8ACE82682027000BC68EA /* Project object */ = {
			isa = PBXProject;
			attributes = {
				LastSwiftUpdateCheck = 1250;
				LastUpgradeCheck = 1250;
				TargetAttributes = {
					DEC8ACEF2682027000BC68EA = {
						CreatedOnToolsVersion = 12.5;
					};
				};
			};
			buildConfigurationList = DEC8ACEB2682027000BC68EA /* Build configuration list for PBXProject "Sayı Tahmin Oyunu" */;
			compatibilityVersion = "Xcode 9.3";
			developmentRegion = en;
			hasScannedForEncodings = 0;
			knownRegions = (
				en,
				Base,
			);
			mainGroup = DEC8ACE72682027000BC68EA;
			productRefGroup = DEC8ACF12682027000BC68EA /* Products */;
			projectDirPath = "";
			projectRoot = "";
			targets = (
				DEC8ACEF2682027000BC68EA /* Sayı Tahmin Oyunu */,
			);
		};
/* End PBXProject section */

/* Begin PBXResourcesBuildPhase section */
		DEC8ACEE2682027000BC68EA /* Resources */ = {
			isa = PBXResourcesBuildPhase;
			buildActionMask = 2147483647;
			files = (
				DEC8AD002682027100BC68EA /* LaunchScreen.storyboard in Resources */,
				DEC8ACFD2682027100BC68EA /* Assets.xcassets in Resources */,
				DEC8ACFB2682027000BC68EA /* Main.storyboard in Resources */,
			);
			runOnlyForDeploymentPostprocessing = 0;
		};
/* End PBXResourcesBuildPhase section */

/* Begin PBXSourcesBuildPhase section */
		DEC8ACEC2682027000BC68EA /* Sources */ = {
			isa = PBXSourcesBuildPhase;
			buildActionMask = 2147483647;
			files = (
				DEC8ACF82682027000BC68EA /* ViewController.swift in Sources */,
				DEC8ACF42682027000BC68EA /* AppDelegate.swift in Sources */,
				DEC8ACF62682027000BC68EA /* SceneDelegate.swift in Sources */,
			);
			runOnlyForDeploymentPostprocessing = 0;
		};
/* End PBXSourcesBuildPhase section */

/* Begin PBXVariantGroup section */
		DEC8ACF92682027000BC68EA /* Main.storyboard */ = {
			isa = PBXVariantGroup;
			children = (
				DEC8ACFA2682027000BC68EA /* Base */,
			);
			name = Main.storyboard;
			sourceTree = "<group>";
		};
		DEC8ACFE2682027100BC68EA /* LaunchScreen.storyboard */ = {
			isa = PBXVariantGroup;
			children = (
				DEC8ACFF2682027100BC68EA /* Base */,
			);
			name = LaunchScreen.storyboard;
			sourceTree = "<group>";
		};
/* End PBXVariantGroup section */

/* Begin XCBuildConfiguration section */
		DEC8AD022682027100BC68EA /* Debug */ = {
			isa = XCBuildConfiguration;
			buildSettings = {
				ALWAYS_SEARCH_USER_PATHS = NO;
				CLANG_ANALYZER_NONNULL = YES;
				CLANG_ANALYZER_NUMBER_OBJECT_CONVERSION = YES_AGGRESSIVE;
				CLANG_CXX_LANGUAGE_STANDARD = "gnu++14";
				CLANG_CXX_LIBRARY = "libc++";
				CLANG_ENABLE_MODULES = YES;
				CLANG_ENABLE_OBJC_ARC = YES;
				CLANG_ENABLE_OBJC_WEAK = YES;
				CLANG_WARN_BLOCK_CAPTURE_AUTORELEASING = YES;
				CLANG_WARN_BOOL_CONVERSION = YES;
				CLANG_WARN_COMMA = YES;
				CLANG_WARN_CONSTANT_CONVERSION = YES;
				CLANG_WARN_DEPRECATED_OBJC_IMPLEMENTATIONS = YES;
				CLANG_WARN_DIRECT_OBJC_ISA_USAGE = YES_ERROR;
				CLANG_WARN_DOCUMENTATION_COMMENTS = YES;
				CLANG_WARN_EMPTY_BODY = YES;
				CLANG_WARN_ENUM_CONVERSION = YES;
				CLANG_WARN_INFINITE_RECURSION = YES;
				CLANG_WARN_INT_CONVERSION = YES;
				CLANG_WARN_NON_LITERAL_NULL_CONVERSION = YES;
				CLANG_WARN_OBJC_IMPLICIT_RETAIN_SELF = YES;
				CLANG_WARN_OBJC_LITERAL_CONVERSION = YES;
				CLANG_WARN_OBJC_ROOT_CLASS = YES_ERROR;
				CLANG_WARN_QUOTED_INCLUDE_IN_FRAMEWORK_HEADER = YES;
				CLANG_WARN_RANGE_LOOP_ANALYSIS = YES;
				CLANG_WARN_STRICT_PROTOTYPES = YES;
				CLANG_WARN_SUSPICIOUS_MOVE = YES;
				CLANG_WARN_UNGUARDED_AVAILABILITY = YES_AGGRESSIVE;
				CLANG_WARN_UNREACHABLE_CODE = YES;
				CLANG_WARN__DUPLICATE_METHOD_MATCH = YES;
				COPY_PHASE_STRIP = NO;
				DEBUG_INFORMATION_FORMAT = dwarf;
				ENABLE_STRICT_OBJC_MSGSEND = YES;
				ENABLE_TESTABILITY = YES;
				GCC_C_LANGUAGE_STANDARD = gnu11;
				GCC_DYNAMIC_NO_PIC = NO;
				GCC_NO_COMMON_BLOCKS = YES;
				GCC_OPTIMIZATION_LEVEL = 0;
				GCC_PREPROCESSOR_DEFINITIONS = (
					"DEBUG=1",
					"$(inherited)",
				);
				GCC_WARN_64_TO_32_BIT_CONVERSION = YES;
				GCC_WARN_ABOUT_RETURN_TYPE = YES_ERROR;
				GCC_WARN_UNDECLARED_SELECTOR = YES;
				GCC_WARN_UNINITIALIZED_AUTOS = YES_AGGRESSIVE;
				GCC_WARN_UNUSED_FUNCTION = YES;
				GCC_WARN_UNUSED_VARIABLE = YES;
				IPHONEOS_DEPLOYMENT_TARGET = 14.5;
				MTL_ENABLE_DEBUG_INFO = INCLUDE_SOURCE;
				MTL_FAST_MATH = YES;
				ONLY_ACTIVE_ARCH = YES;
				SDKROOT = iphoneos;
				SWIFT_ACTIVE_COMPILATION_CONDITIONS = DEBUG;
				SWIFT_OPTIMIZATION_LEVEL = "-Onone";
			};
			name = Debug;
		};
		DEC8AD032682027100BC68EA /* Release */ = {
			isa = XCBuildConfiguration;
			buildSettings = {
				ALWAYS_SEARCH_USER_PATHS = NO;
				CLANG_ANALYZER_NONNULL = YES;
				CLANG_ANALYZER_NUMBER_OBJECT_CONVERSION = YES_AGGRESSIVE;
				CLANG_CXX_LANGUAGE_STANDARD = "gnu++14";
				CLANG_CXX_LIBRARY = "libc++";
				CLANG_ENABLE_MODULES = YES;
				CLANG_ENABLE_OBJC_ARC = YES;
				CLANG_ENABLE_OBJC_WEAK = YES;
				CLANG_WARN_BLOCK_CAPTURE_AUTORELEASING = YES;
				CLANG_WARN_BOOL_CONVERSION = YES;
				CLANG_WARN_COMMA = YES;
				CLANG_WARN_CONSTANT_CONVERSION = YES;
				CLANG_WARN_DEPRECATED_OBJC_IMPLEMENTATIONS = YES;
				CLANG_WARN_DIRECT_OBJC_ISA_USAGE = YES_ERROR;
				CLANG_WARN_DOCUMENTATION_COMMENTS = YES;
				CLANG_WARN_EMPTY_BODY = YES;
				CLANG_WARN_ENUM_CONVERSION = YES;
				CLANG_WARN_INFINITE_RECURSION = YES;
				CLANG_WARN_INT_CONVERSION = YES;
				CLANG_WARN_NON_LITERAL_NULL_CONVERSION = YES;
				CLANG_WARN_OBJC_IMPLICIT_RETAIN_SELF = YES;
				CLANG_WARN_OBJC_LITERAL_CONVERSION = YES;
				CLANG_WARN_OBJC_ROOT_CLASS = YES_ERROR;
				CLANG_WARN_QUOTED_INCLUDE_IN_FRAMEWORK_HEADER = YES;
				CLANG_WARN_RANGE_LOOP_ANALYSIS = YES;
				CLANG_WARN_STRICT_PROTOTYPES = YES;
				CLANG_WARN_SUSPICIOUS_MOVE = YES;
				CLANG_WARN_UNGUARDED_AVAILABILITY = YES_AGGRESSIVE;
				CLANG_WARN_UNREACHABLE_CODE = YES;
				CLANG_WARN__DUPLICATE_METHOD_MATCH = YES;
				COPY_PHASE_STRIP = NO;
				DEBUG_INFORMATION_FORMAT = "dwarf-with-dsym";
				ENABLE_NS_ASSERTIONS = NO;
				ENABLE_STRICT_OBJC_MSGSEND = YES;
				GCC_C_LANGUAGE_STANDARD = gnu11;
				GCC_NO_COMMON_BLOCKS = YES;
				GCC_WARN_64_TO_32_BIT_CONVERSION = YES;
				GCC_WARN_ABOUT_RETURN_TYPE = YES_ERROR;
				GCC_WARN_UNDECLARED_SELECTOR = YES;
				GCC_WARN_UNINITIALIZED_AUTOS = YES_AGGRESSIVE;
				GCC_WARN_UNUSED_FUNCTION = YES;
				GCC_WARN_UNUSED_VARIABLE = YES;
				IPHONEOS_DEPLOYMENT_TARGET = 14.5;
				MTL_ENABLE_DEBUG_INFO = NO;
				MTL_FAST_MATH = YES;
				SDKROOT = iphoneos;
				SWIFT_COMPILATION_MODE = wholemodule;
				SWIFT_OPTIMIZATION_LEVEL = "-O";
				VALIDATE_PRODUCT = YES;
			};
			name = Release;
		};
		DEC8AD052682027100BC68EA /* Debug */ = {
			isa = XCBuildConfiguration;
			buildSettings = {
				ASSETCATALOG_COMPILER_APPICON_NAME = AppIcon;
				ASSETCATALOG_COMPILER_GLOBAL_ACCENT_COLOR_NAME = AccentColor;
				CODE_SIGN_STYLE = Automatic;
				DEVELOPMENT_TEAM = D3NC2A988Q;
				INFOPLIST_FILE = "Sayı Tahmin Oyunu/Info.plist";
				LD_RUNPATH_SEARCH_PATHS = (
					"$(inherited)",
					"@executable_path/Frameworks",
				);
				PRODUCT_BUNDLE_IDENTIFIER = "com.gorkembekar.Say--Tahmin-Oyunu";
				PRODUCT_NAME = "$(TARGET_NAME)";
				SWIFT_VERSION = 5.0;
				TARGETED_DEVICE_FAMILY = "1,2";
			};
			name = Debug;
		};
		DEC8AD062682027100BC68EA /* Release */ = {
			isa = XCBuildConfiguration;
			buildSettings = {
				ASSETCATALOG_COMPILER_APPICON_NAME = AppIcon;
				ASSETCATALOG_COMPILER_GLOBAL_ACCENT_COLOR_NAME = AccentColor;
				CODE_SIGN_STYLE = Automatic;
				DEVELOPMENT_TEAM = D3NC2A988Q;
				INFOPLIST_FILE = "Sayı Tahmin Oyunu/Info.plist";
				LD_RUNPATH_SEARCH_PATHS = (
					"$(inherited)",
					"@executable_path/Frameworks",
				);
				PRODUCT_BUNDLE_IDENTIFIER = "com.gorkembekar.Say--Tahmin-Oyunu";
				PRODUCT_NAME = "$(TARGET_NAME)";
				SWIFT_VERSION = 5.0;
				TARGETED_DEVICE_FAMILY = "1,2";
			};
			name = Release;
		};
/* End XCBuildConfiguration section */

/* Begin XCConfigurationList section */
		DEC8ACEB2682027000BC68EA /* Build configuration list for PBXProject "Sayı Tahmin Oyunu" */ = {
			isa = XCConfigurationList;
			buildConfigurations = (
				DEC8AD022682027100BC68EA /* Debug */,
				DEC8AD032682027100BC68EA /* Release */,
			);
			defaultConfigurationIsVisible = 0;
			defaultConfigurationName = Release;
		};
		DEC8AD042682027100BC68EA /* Build configuration list for PBXNativeTarget "Sayı Tahmin Oyunu" */ = {
			isa = XCConfigurationList;
			buildConfigurations = (
				DEC8AD052682027100BC68EA /* Debug */,
				DEC8AD062682027100BC68EA /* Release */,
			);
			defaultConfigurationIsVisible = 0;
			defaultConfigurationName = Release;
		};
/* End XCConfigurationList section */
	};
	rootObject = DEC8ACE82682027000BC68EA /* Project object */;
}
